
Microsoft Visual Studio Solution File, Format Version 12.00
# Visual Studio Version 16
VisualStudioVersion = 16.0.30406.217
MinimumVisualStudioVersion = 10.0.40219.1
Project("{9A19103F-16F7-4668-BE54-9A1E7A4F7556}") = "VkMusicQuizBot", "VkMusicQuizBot.csproj", "{AE0AEBB4-5BBD-4C97-85CA-87D000D86017}"
EndProject
Project("{FAE04EC0-301F-11D3-BF4B-00C04F79EFBC}") = "VkMusicQuizBot.Tests", "..\VkMusicQuizBot.Tests\VkMusicQuizBot.Tests.csproj", "{21C0E64C-C861-40D7-BB56-3E99E541DAD6}"
EndProject
Global
	GlobalSection(SolutionConfigurationPlatforms) = preSolution
		Debug|Any CPU = Debug|Any CPU
		Release|Any CPU = Release|Any CPU
	EndGlobalSection
	GlobalSection(ProjectConfigurationPlatforms) = postSolution
		{AE0AEBB4-5BBD-4C97-85CA-87D000D86017}.Debug|Any CPU.ActiveCfg = Debug|Any CPU
		{AE0AEBB4-5BBD-4C97-85CA-87D000D86017}.Debug|Any CPU.Build.0 = Debug|Any CPU
		{AE0AEBB4-5BBD-4C97-85CA-87D000D86017}.Release|Any CPU.ActiveCfg = Release|Any CPU
		{AE0AEBB4-5BBD-4C97-85CA-87D000D86017}.Release|Any CPU.Build.0 = Release|Any CPU
		{21C0E64C-C861-40D7-BB56-3E99E541DAD6}.Debug|Any CPU.ActiveCfg = Debug|Any CPU
		{21C0E64C-C861-40D7-BB56-3E99E541DAD6}.Debug|Any CPU.Build.0 = Debug|Any CPU
		{21C0E64C-C861-40D7-BB56-3E99E541DAD6}.Release|Any CPU.ActiveCfg = Release|Any CPU
		{21C0E64C-C861-40D7-BB56-3E99E541DAD6}.Release|Any CPU.Build.0 = Release|Any CPU
	EndGlobalSection
	GlobalSection(SolutionProperties) = preSolution
		HideSolutionNode = FALSE
	EndGlobalSection
	GlobalSection(ExtensibilityGlobals) = postSolution
		SolutionGuid = {ECA67048-EA44-46AF-AF84-13F32812CA81}
	EndGlobalSection
EndGlobal
